// !$*UTF8*$!
{
	archiveVersion = 1;
	classes = {
	};
	objectVersion = 46;
	objects = {

/* Begin PBXBuildFile section */
		5883A38E18DC18FA008C8AEB /* Foundation.framework in Frameworks */ = {isa = PBXBuildFile; fileRef = 5883A38D18DC18FA008C8AEB /* Foundation.framework */; };
		5883A39018DC18FA008C8AEB /* CoreGraphics.framework in Frameworks */ = {isa = PBXBuildFile; fileRef = 5883A38F18DC18FA008C8AEB /* CoreGraphics.framework */; };
		5883A39218DC18FA008C8AEB /* UIKit.framework in Frameworks */ = {isa = PBXBuildFile; fileRef = 5883A39118DC18FA008C8AEB /* UIKit.framework */; };
		5883A39818DC18FA008C8AEB /* InfoPlist.strings in Resources */ = {isa = PBXBuildFile; fileRef = 5883A39618DC18FA008C8AEB /* InfoPlist.strings */; };
		5883A39A18DC18FA008C8AEB /* main.m in Sources */ = {isa = PBXBuildFile; fileRef = 5883A39918DC18FA008C8AEB /* main.m */; };
		5883A39E18DC18FA008C8AEB /* AppDelegate.m in Sources */ = {isa = PBXBuildFile; fileRef = 5883A39D18DC18FA008C8AEB /* AppDelegate.m */; };
		5883A3A018DC18FA008C8AEB /* Images.xcassets in Resources */ = {isa = PBXBuildFile; fileRef = 5883A39F18DC18FA008C8AEB /* Images.xcassets */; };
		5883A3A718DC18FA008C8AEB /* XCTest.framework in Frameworks */ = {isa = PBXBuildFile; fileRef = 5883A3A618DC18FA008C8AEB /* XCTest.framework */; };
		5883A3A818DC18FA008C8AEB /* Foundation.framework in Frameworks */ = {isa = PBXBuildFile; fileRef = 5883A38D18DC18FA008C8AEB /* Foundation.framework */; };
		5883A3A918DC18FA008C8AEB /* UIKit.framework in Frameworks */ = {isa = PBXBuildFile; fileRef = 5883A39118DC18FA008C8AEB /* UIKit.framework */; };
		5883A3B118DC18FA008C8AEB /* InfoPlist.strings in Resources */ = {isa = PBXBuildFile; fileRef = 5883A3AF18DC18FA008C8AEB /* InfoPlist.strings */; };
		5883A3B318DC18FA008C8AEB /* YelplyTests.m in Sources */ = {isa = PBXBuildFile; fileRef = 5883A3B218DC18FA008C8AEB /* YelplyTests.m */; };
/* End PBXBuildFile section */

/* Begin PBXContainerItemProxy section */
		5883A3AA18DC18FA008C8AEB /* PBXContainerItemProxy */ = {
			isa = PBXContainerItemProxy;
			containerPortal = 5883A38218DC18FA008C8AEB /* Project object */;
			proxyType = 1;
			remoteGlobalIDString = 5883A38918DC18FA008C8AEB;
			remoteInfo = Yelply;
		};
/* End PBXContainerItemProxy section */

/* Begin PBXFileReference section */
		5883A38A18DC18FA008C8AEB /* Yelply.app */ = {isa = PBXFileReference; explicitFileType = wrapper.application; includeInIndex = 0; path = Yelply.app; sourceTree = BUILT_PRODUCTS_DIR; };
		5883A38D18DC18FA008C8AEB /* Foundation.framework */ = {isa = PBXFileReference; lastKnownFileType = wrapper.framework; name = Foundation.framework; path = System/Library/Frameworks/Foundation.framework; sourceTree = SDKROOT; };
		5883A38F18DC18FA008C8AEB /* CoreGraphics.framework */ = {isa = PBXFileReference; lastKnownFileType = wrapper.framework; name = CoreGraphics.framework; path = System/Library/Frameworks/CoreGraphics.framework; sourceTree = SDKROOT; };
		5883A39118DC18FA008C8AEB /* UIKit.framework */ = {isa = PBXFileReference; lastKnownFileType = wrapper.framework; name = UIKit.framework; path = System/Library/Frameworks/UIKit.framework; sourceTree = SDKROOT; };
		5883A39518DC18FA008C8AEB /* Yelply-Info.plist */ = {isa = PBXFileReference; lastKnownFileType = text.plist.xml; path = "Yelply-Info.plist"; sourceTree = "<group>"; };
		5883A39718DC18FA008C8AEB /* en */ = {isa = PBXFileReference; lastKnownFileType = text.plist.strings; name = en; path = en.lproj/InfoPlist.strings; sourceTree = "<group>"; };
		5883A39918DC18FA008C8AEB /* main.m */ = {isa = PBXFileReference; lastKnownFileType = sourcecode.c.objc; path = main.m; sourceTree = "<group>"; };
		5883A39B18DC18FA008C8AEB /* Yelply-Prefix.pch */ = {isa = PBXFileReference; lastKnownFileType = sourcecode.c.h; path = "Yelply-Prefix.pch"; sourceTree = "<group>"; };
		5883A39C18DC18FA008C8AEB /* AppDelegate.h */ = {isa = PBXFileReference; lastKnownFileType = sourcecode.c.h; path = AppDelegate.h; sourceTree = "<group>"; };
		5883A39D18DC18FA008C8AEB /* AppDelegate.m */ = {isa = PBXFileReference; lastKnownFileType = sourcecode.c.objc; path = AppDelegate.m; sourceTree = "<group>"; };
		5883A39F18DC18FA008C8AEB /* Images.xcassets */ = {isa = PBXFileReference; lastKnownFileType = folder.assetcatalog; path = Images.xcassets; sourceTree = "<group>"; };
		5883A3A518DC18FA008C8AEB /* YelplyTests.xctest */ = {isa = PBXFileReference; explicitFileType = wrapper.cfbundle; includeInIndex = 0; path = YelplyTests.xctest; sourceTree = BUILT_PRODUCTS_DIR; };
		5883A3A618DC18FA008C8AEB /* XCTest.framework */ = {isa = PBXFileReference; lastKnownFileType = wrapper.framework; name = XCTest.framework; path = Library/Frameworks/XCTest.framework; sourceTree = DEVELOPER_DIR; };
		5883A3AE18DC18FA008C8AEB /* YelplyTests-Info.plist */ = {isa = PBXFileReference; lastKnownFileType = text.plist.xml; path = "YelplyTests-Info.plist"; sourceTree = "<group>"; };
		5883A3B018DC18FA008C8AEB /* en */ = {isa = PBXFileReference; lastKnownFileType = text.plist.strings; name = en; path = en.lproj/InfoPlist.strings; sourceTree = "<group>"; };
		5883A3B218DC18FA008C8AEB /* YelplyTests.m */ = {isa = PBXFileReference; lastKnownFileType = sourcecode.c.objc; path = YelplyTests.m; sourceTree = "<group>"; };
/* End PBXFileReference section */

/* Begin PBXFrameworksBuildPhase section */
		5883A38718DC18FA008C8AEB /* Frameworks */ = {
			isa = PBXFrameworksBuildPhase;
			buildActionMask = 2147483647;
			files = (
				5883A39018DC18FA008C8AEB /* CoreGraphics.framework in Frameworks */,
				5883A39218DC18FA008C8AEB /* UIKit.framework in Frameworks */,
				5883A38E18DC18FA008C8AEB /* Foundation.framework in Frameworks */,
			);
			runOnlyForDeploymentPostprocessing = 0;
		};
		5883A3A218DC18FA008C8AEB /* Frameworks */ = {
			isa = PBXFrameworksBuildPhase;
			buildActionMask = 2147483647;
			files = (
				5883A3A718DC18FA008C8AEB /* XCTest.framework in Frameworks */,
				5883A3A918DC18FA008C8AEB /* UIKit.framework in Frameworks */,
				5883A3A818DC18FA008C8AEB /* Foundation.framework in Frameworks */,
			);
			runOnlyForDeploymentPostprocessing = 0;
		};
/* End PBXFrameworksBuildPhase section */

/* Begin PBXGroup section */
		5883A38118DC18FA008C8AEB = {
			isa = PBXGroup;
			children = (
				5883A39318DC18FA008C8AEB /* Yelply */,
				5883A3AC18DC18FA008C8AEB /* YelplyTests */,
				5883A38C18DC18FA008C8AEB /* Frameworks */,
				5883A38B18DC18FA008C8AEB /* Products */,
			);
			sourceTree = "<group>";
		};
		5883A38B18DC18FA008C8AEB /* Products */ = {
			isa = PBXGroup;
			children = (
				5883A38A18DC18FA008C8AEB /* Yelply.app */,
				5883A3A518DC18FA008C8AEB /* YelplyTests.xctest */,
			);
			name = Products;
			sourceTree = "<group>";
		};
		5883A38C18DC18FA008C8AEB /* Frameworks */ = {
			isa = PBXGroup;
			children = (
				5883A38D18DC18FA008C8AEB /* Foundation.framework */,
				5883A38F18DC18FA008C8AEB /* CoreGraphics.framework */,
				5883A39118DC18FA008C8AEB /* UIKit.framework */,
				5883A3A618DC18FA008C8AEB /* XCTest.framework */,
			);
			name = Frameworks;
			sourceTree = "<group>";
		};
		5883A39318DC18FA008C8AEB /* Yelply */ = {
			isa = PBXGroup;
			children = (
				5883A39C18DC18FA008C8AEB /* AppDelegate.h */,
				5883A39D18DC18FA008C8AEB /* AppDelegate.m */,
				5883A39F18DC18FA008C8AEB /* Images.xcassets */,
				5883A39418DC18FA008C8AEB /* Supporting Files */,
			);
			path = Yelply;
			sourceTree = "<group>";
		};
		5883A39418DC18FA008C8AEB /* Supporting Files */ = {
			isa = PBXGroup;
			children = (
				5883A39518DC18FA008C8AEB /* Yelply-Info.plist */,
				5883A39618DC18FA008C8AEB /* InfoPlist.strings */,
				5883A39918DC18FA008C8AEB /* main.m */,
				5883A39B18DC18FA008C8AEB /* Yelply-Prefix.pch */,
			);
			name = "Supporting Files";
			sourceTree = "<group>";
		};
		5883A3AC18DC18FA008C8AEB /* YelplyTests */ = {
			isa = PBXGroup;
			children = (
				5883A3B218DC18FA008C8AEB /* YelplyTests.m */,
				5883A3AD18DC18FA008C8AEB /* Supporting Files */,
			);
			path = YelplyTests;
			sourceTree = "<group>";
		};
		5883A3AD18DC18FA008C8AEB /* Supporting Files */ = {
			isa = PBXGroup;
			children = (
				5883A3AE18DC18FA008C8AEB /* YelplyTests-Info.plist */,
				5883A3AF18DC18FA008C8AEB /* InfoPlist.strings */,
			);
			name = "Supporting Files";
			sourceTree = "<group>";
		};
/* End PBXGroup section */

/* Begin PBXNativeTarget section */
		5883A38918DC18FA008C8AEB /* Yelply */ = {
			isa = PBXNativeTarget;
			buildConfigurationList = 5883A3B618DC18FA008C8AEB /* Build configuration list for PBXNativeTarget "Yelply" */;
			buildPhases = (
				5883A38618DC18FA008C8AEB /* Sources */,
				5883A38718DC18FA008C8AEB /* Frameworks */,
				5883A38818DC18FA008C8AEB /* Resources */,
			);
			buildRules = (
			);
			dependencies = (
			);
			name = Yelply;
			productName = Yelply;
			productReference = 5883A38A18DC18FA008C8AEB /* Yelply.app */;
			productType = "com.apple.product-type.application";
		};
		5883A3A418DC18FA008C8AEB /* YelplyTests */ = {
			isa = PBXNativeTarget;
			buildConfigurationList = 5883A3B918DC18FA008C8AEB /* Build configuration list for PBXNativeTarget "YelplyTests" */;
			buildPhases = (
				5883A3A118DC18FA008C8AEB /* Sources */,
				5883A3A218DC18FA008C8AEB /* Frameworks */,
				5883A3A318DC18FA008C8AEB /* Resources */,
			);
			buildRules = (
			);
			dependencies = (
				5883A3AB18DC18FA008C8AEB /* PBXTargetDependency */,
			);
			name = YelplyTests;
			productName = YelplyTests;
			productReference = 5883A3A518DC18FA008C8AEB /* YelplyTests.xctest */;
			productType = "com.apple.product-type.bundle.unit-test";
		};
/* End PBXNativeTarget section */

/* Begin PBXProject section */
		5883A38218DC18FA008C8AEB /* Project object */ = {
			isa = PBXProject;
			attributes = {
				LastUpgradeCheck = 0510;
				ORGANIZATIONNAME = "Anna Do";
				TargetAttributes = {
					5883A3A418DC18FA008C8AEB = {
						TestTargetID = 5883A38918DC18FA008C8AEB;
					};
				};
			};
			buildConfigurationList = 5883A38518DC18FA008C8AEB /* Build configuration list for PBXProject "Yelply" */;
			compatibilityVersion = "Xcode 3.2";
			developmentRegion = English;
			hasScannedForEncodings = 0;
			knownRegions = (
				en,
			);
			mainGroup = 5883A38118DC18FA008C8AEB;
			productRefGroup = 5883A38B18DC18FA008C8AEB /* Products */;
			projectDirPath = "";
			projectRoot = "";
			targets = (
				5883A38918DC18FA008C8AEB /* Yelply */,
				5883A3A418DC18FA008C8AEB /* YelplyTests */,
			);
		};
/* End PBXProject section */

/* Begin PBXResourcesBuildPhase section */
		5883A38818DC18FA008C8AEB /* Resources */ = {
			isa = PBXResourcesBuildPhase;
			buildActionMask = 2147483647;
			files = (
				5883A39818DC18FA008C8AEB /* InfoPlist.strings in Resources */,
				5883A3A018DC18FA008C8AEB /* Images.xcassets in Resources */,
			);
			runOnlyForDeploymentPostprocessing = 0;
		};
		5883A3A318DC18FA008C8AEB /* Resources */ = {
			isa = PBXResourcesBuildPhase;
			buildActionMask = 2147483647;
			files = (
				5883A3B118DC18FA008C8AEB /* InfoPlist.strings in Resources */,
			);
			runOnlyForDeploymentPostprocessing = 0;
		};
/* End PBXResourcesBuildPhase section */

/* Begin PBXSourcesBuildPhase section */
		5883A38618DC18FA008C8AEB /* Sources */ = {
			isa = PBXSourcesBuildPhase;
			buildActionMask = 2147483647;
			files = (
				5883A39E18DC18FA008C8AEB /* AppDelegate.m in Sources */,
				5883A39A18DC18FA008C8AEB /* main.m in Sources */,
			);
			runOnlyForDeploymentPostprocessing = 0;
		};
		5883A3A118DC18FA008C8AEB /* Sources */ = {
			isa = PBXSourcesBuildPhase;
			buildActionMask = 2147483647;
			files = (
				5883A3B318DC18FA008C8AEB /* YelplyTests.m in Sources */,
			);
			runOnlyForDeploymentPostprocessing = 0;
		};
/* End PBXSourcesBuildPhase section */

/* Begin PBXTargetDependency section */
		5883A3AB18DC18FA008C8AEB /* PBXTargetDependency */ = {
			isa = PBXTargetDependency;
			target = 5883A38918DC18FA008C8AEB /* Yelply */;
			targetProxy = 5883A3AA18DC18FA008C8AEB /* PBXContainerItemProxy */;
		};
/* End PBXTargetDependency section */

/* Begin PBXVariantGroup section */
		5883A39618DC18FA008C8AEB /* InfoPlist.strings */ = {
			isa = PBXVariantGroup;
			children = (
				5883A39718DC18FA008C8AEB /* en */,
			);
			name = InfoPlist.strings;
			sourceTree = "<group>";
		};
		5883A3AF18DC18FA008C8AEB /* InfoPlist.strings */ = {
			isa = PBXVariantGroup;
			children = (
				5883A3B018DC18FA008C8AEB /* en */,
			);
			name = InfoPlist.strings;
			sourceTree = "<group>";
		};
/* End PBXVariantGroup section */

/* Begin XCBuildConfiguration section */
		5883A3B418DC18FA008C8AEB /* Debug */ = {
			isa = XCBuildConfiguration;
			buildSettings = {
				ALWAYS_SEARCH_USER_PATHS = NO;
				CLANG_CXX_LANGUAGE_STANDARD = "gnu++0x";
				CLANG_CXX_LIBRARY = "libc++";
				CLANG_ENABLE_MODULES = YES;
				CLANG_ENABLE_OBJC_ARC = YES;
				CLANG_WARN_BOOL_CONVERSION = YES;
				CLANG_WARN_CONSTANT_CONVERSION = YES;
				CLANG_WARN_DIRECT_OBJC_ISA_USAGE = YES_ERROR;
				CLANG_WARN_EMPTY_BODY = YES;
				CLANG_WARN_ENUM_CONVERSION = YES;
				CLANG_WARN_INT_CONVERSION = YES;
				CLANG_WARN_OBJC_ROOT_CLASS = YES_ERROR;
				CLANG_WARN__DUPLICATE_METHOD_MATCH = YES;
				"CODE_SIGN_IDENTITY[sdk=iphoneos*]" = "iPhone Developer";
				COPY_PHASE_STRIP = NO;
				GCC_C_LANGUAGE_STANDARD = gnu99;
				GCC_DYNAMIC_NO_PIC = NO;
				GCC_OPTIMIZATION_LEVEL = 0;
				GCC_PREPROCESSOR_DEFINITIONS = (
					"DEBUG=1",
					"$(inherited)",
				);
				GCC_SYMBOLS_PRIVATE_EXTERN = NO;
				GCC_WARN_64_TO_32_BIT_CONVERSION = YES;
				GCC_WARN_ABOUT_RETURN_TYPE = YES_ERROR;
				GCC_WARN_UNDECLARED_SELECTOR = YES;
				GCC_WARN_UNINITIALIZED_AUTOS = YES_AGGRESSIVE;
				GCC_WARN_UNUSED_FUNCTION = YES;
				GCC_WARN_UNUSED_VARIABLE = YES;
				IPHONEOS_DEPLOYMENT_TARGET = 7.1;
				ONLY_ACTIVE_ARCH = YES;
				SDKROOT = iphoneos;
			};
			name = Debug;
		};
		5883A3B518DC18FA008C8AEB /* Release */ = {
			isa = XCBuildConfiguration;
			buildSettings = {
				ALWAYS_SEARCH_USER_PATHS = NO;
				CLANG_CXX_LANGUAGE_STANDARD = "gnu++0x";
				CLANG_CXX_LIBRARY = "libc++";
				CLANG_ENABLE_MODULES = YES;
				CLANG_ENABLE_OBJC_ARC = YES;
				CLANG_WARN_BOOL_CONVERSION = YES;
				CLANG_WARN_CONSTANT_CONVERSION = YES;
				CLANG_WARN_DIRECT_OBJC_ISA_USAGE = YES_ERROR;
				CLANG_WARN_EMPTY_BODY = YES;
				CLANG_WARN_ENUM_CONVERSION = YES;
				CLANG_WARN_INT_CONVERSION = YES;
				CLANG_WARN_OBJC_ROOT_CLASS = YES_ERROR;
				CLANG_WARN__DUPLICATE_METHOD_MATCH = YES;
				"CODE_SIGN_IDENTITY[sdk=iphoneos*]" = "iPhone Developer";
				COPY_PHASE_STRIP = YES;
				ENABLE_NS_ASSERTIONS = NO;
				GCC_C_LANGUAGE_STANDARD = gnu99;
				GCC_WARN_64_TO_32_BIT_CONVERSION = YES;
				GCC_WARN_ABOUT_RETURN_TYPE = YES_ERROR;
				GCC_WARN_UNDECLARED_SELECTOR = YES;
				GCC_WARN_UNINITIALIZED_AUTOS = YES_AGGRESSIVE;
				GCC_WARN_UNUSED_FUNCTION = YES;
				GCC_WARN_UNUSED_VARIABLE = YES;
				IPHONEOS_DEPLOYMENT_TARGET = 7.1;
				SDKROOT = iphoneos;
				VALIDATE_PRODUCT = YES;
			};
			name = Release;
		};
		5883A3B718DC18FA008C8AEB /* Debug */ = {
			isa = XCBuildConfiguration;
			buildSettings = {
				ASSETCATALOG_COMPILER_APPICON_NAME = AppIcon;
				ASSETCATALOG_COMPILER_LAUNCHIMAGE_NAME = LaunchImage;
				GCC_PRECOMPILE_PREFIX_HEADER = YES;
				GCC_PREFIX_HEADER = "Yelply/Yelply-Prefix.pch";
				INFOPLIST_FILE = "Yelply/Yelply-Info.plist";
				PRODUCT_NAME = "$(TARGET_NAME)";
				WRAPPER_EXTENSION = app;
			};
			name = Debug;
		};
		5883A3B818DC18FA008C8AEB /* Release */ = {
			isa = XCBuildConfiguration;
			buildSettings = {
				ASSETCATALOG_COMPILER_APPICON_NAME = AppIcon;
				ASSETCATALOG_COMPILER_LAUNCHIMAGE_NAME = LaunchImage;
				GCC_PRECOMPILE_PREFIX_HEADER = YES;
				GCC_PREFIX_HEADER = "Yelply/Yelply-Prefix.pch";
				INFOPLIST_FILE = "Yelply/Yelply-Info.plist";
				PRODUCT_NAME = "$(TARGET_NAME)";
				WRAPPER_EXTENSION = app;
			};
			name = Release;
		};
		5883A3BA18DC18FA008C8AEB /* Debug */ = {
			isa = XCBuildConfiguration;
			buildSettings = {
				BUNDLE_LOADER = "$(BUILT_PRODUCTS_DIR)/Yelply.app/Yelply";
				FRAMEWORK_SEARCH_PATHS = (
					"$(SDKROOT)/Developer/Library/Frameworks",
					"$(inherited)",
					"$(DEVELOPER_FRAMEWORKS_DIR)",
				);
				GCC_PRECOMPILE_PREFIX_HEADER = YES;
				GCC_PREFIX_HEADER = "Yelply/Yelply-Prefix.pch";
				GCC_PREPROCESSOR_DEFINITIONS = (
					"DEBUG=1",
					"$(inherited)",
				);
				INFOPLIST_FILE = "YelplyTests/YelplyTests-Info.plist";
				PRODUCT_NAME = "$(TARGET_NAME)";
				TEST_HOST = "$(BUNDLE_LOADER)";
				WRAPPER_EXTENSION = xctest;
			};
			name = Debug;
		};
		5883A3BB18DC18FA008C8AEB /* Release */ = {
			isa = XCBuildConfiguration;
			buildSettings = {
				BUNDLE_LOADER = "$(BUILT_PRODUCTS_DIR)/Yelply.app/Yelply";
				FRAMEWORK_SEARCH_PATHS = (
					"$(SDKROOT)/Developer/Library/Frameworks",
					"$(inherited)",
					"$(DEVELOPER_FRAMEWORKS_DIR)",
				);
				GCC_PRECOMPILE_PREFIX_HEADER = YES;
				GCC_PREFIX_HEADER = "Yelply/Yelply-Prefix.pch";
				INFOPLIST_FILE = "YelplyTests/YelplyTests-Info.plist";
				PRODUCT_NAME = "$(TARGET_NAME)";
				TEST_HOST = "$(BUNDLE_LOADER)";
				WRAPPER_EXTENSION = xctest;
			};
			name = Release;
		};
/* End XCBuildConfiguration section */

/* Begin XCConfigurationList section */
		5883A38518DC18FA008C8AEB /* Build configuration list for PBXProject "Yelply" */ = {
			isa = XCConfigurationList;
			buildConfigurations = (
				5883A3B418DC18FA008C8AEB /* Debug */,
				5883A3B518DC18FA008C8AEB /* Release */,
			);
			defaultConfigurationIsVisible = 0;
			defaultConfigurationName = Release;
		};
		5883A3B618DC18FA008C8AEB /* Build configuration list for PBXNativeTarget "Yelply" */ = {
			isa = XCConfigurationList;
			buildConfigurations = (
				5883A3B718DC18FA008C8AEB /* Debug */,
				5883A3B818DC18FA008C8AEB /* Release */,
			);
			defaultConfigurationIsVisible = 0;
		};
		5883A3B918DC18FA008C8AEB /* Build configuration list for PBXNativeTarget "YelplyTests" */ = {
			isa = XCConfigurationList;
			buildConfigurations = (
				5883A3BA18DC18FA008C8AEB /* Debug */,
				5883A3BB18DC18FA008C8AEB /* Release */,
			);
			defaultConfigurationIsVisible = 0;
		};
/* End XCConfigurationList section */
	};
	rootObject = 5883A38218DC18FA008C8AEB /* Project object */;
}
